{
  "version": 4,
  "terraform_version": "0.13.5",
  "serial": 1,
  "lineage": "5f68cf4a-38c7-008e-0f34-b7d62a36b3ca",
  "outputs": {},
  "resources": [
    {
      "mode": "managed",
      "type": "aws_vpc",
      "name": "terraform",
      "provider": "provider[\"registry.terraform.io/hashicorp/aws\"]",
      "instances": [
        {
          "schema_version": 1,
          "attributes": {
            "arn": "arn:aws:ec2:us-east-1:812745634080:vpc/vpc-03aadb469e56a3b85",
            "assign_generated_ipv6_cidr_block": false,
            "cidr_block": "10.0.0.0/16",
            "default_network_acl_id": "acl-0775ab76fb8e4fa18",
            "default_route_table_id": "rtb-0d54fdb51c33ff7dd",
            "default_security_group_id": "sg-05ec6129a6f3730bb",
            "dhcp_options_id": "dopt-71d09b0a",
            "enable_classiclink": false,
            "enable_classiclink_dns_support": false,
            "enable_dns_hostnames": false,
            "enable_dns_support": true,
            "id": "vpc-03aadb469e56a3b85",
            "instance_tenancy": "default",
            "ipv6_association_id": "",
            "ipv6_cidr_block": "",
            "main_route_table_id": "rtb-0d54fdb51c33ff7dd",
            "owner_id": "812745634080",
            "tags": null
          },
          "private": "eyJzY2hlbWFfdmVyc2lvbiI6IjEifQ=="
        }
      ]
    }
  ]
}
